// !$*UTF8*$!
{
	archiveVersion = 1;
	classes = {
	};
	objectVersion = 56;
	objects = {

/* Begin PBXBuildFile section */
		D08530C6294BF18500777EED /* RunningRecordsApp.swift in Sources */ = {isa = PBXBuildFile; fileRef = D08530C5294BF18500777EED /* RunningRecordsApp.swift */; };
		D08530C8294BF18500777EED /* ContentView.swift in Sources */ = {isa = PBXBuildFile; fileRef = D08530C7294BF18500777EED /* ContentView.swift */; };
		D08530CA294BF18600777EED /* Assets.xcassets in Resources */ = {isa = PBXBuildFile; fileRef = D08530C9294BF18600777EED /* Assets.xcassets */; };
		D08530CD294BF18600777EED /* Preview Assets.xcassets in Resources */ = {isa = PBXBuildFile; fileRef = D08530CC294BF18600777EED /* Preview Assets.xcassets */; };
		D08530D7294BF18600777EED /* RunningRecordsTests.swift in Sources */ = {isa = PBXBuildFile; fileRef = D08530D6294BF18600777EED /* RunningRecordsTests.swift */; };
		D08530E1294BF18600777EED /* RunningRecordsUITests.swift in Sources */ = {isa = PBXBuildFile; fileRef = D08530E0294BF18600777EED /* RunningRecordsUITests.swift */; };
		D08530E3294BF18600777EED /* RunningRecordsUITestsLaunchTests.swift in Sources */ = {isa = PBXBuildFile; fileRef = D08530E2294BF18600777EED /* RunningRecordsUITestsLaunchTests.swift */; };
		D08626C3294DB2840097EDCD /* IconView.swift in Sources */ = {isa = PBXBuildFile; fileRef = D08626C2294DB2840097EDCD /* IconView.swift */; };
		D08626C5294DC09B0097EDCD /* MainPageView.swift in Sources */ = {isa = PBXBuildFile; fileRef = D08626C4294DC09B0097EDCD /* MainPageView.swift */; };
		D08626C8294DC3310097EDCD /* TextFieldExtension.swift in Sources */ = {isa = PBXBuildFile; fileRef = D08626C7294DC3310097EDCD /* TextFieldExtension.swift */; };
		D08626CC294DC8620097EDCD /* TextExtension.swift in Sources */ = {isa = PBXBuildFile; fileRef = D08626CB294DC8620097EDCD /* TextExtension.swift */; };
		D08626CE294DCFB40097EDCD /* MainPageViewModel.swift in Sources */ = {isa = PBXBuildFile; fileRef = D08626CD294DCFB40097EDCD /* MainPageViewModel.swift */; };
		D08626D4294E17430097EDCD /* TodoModel.swift in Sources */ = {isa = PBXBuildFile; fileRef = D08626D3294E17430097EDCD /* TodoModel.swift */; };
		D08626D7294E1ADD0097EDCD /* Model.xcdatamodeld in Sources */ = {isa = PBXBuildFile; fileRef = D08626D5294E1ADD0097EDCD /* Model.xcdatamodeld */; };
		D08626DD294E23120097EDCD /* PersistenceController.swift in Sources */ = {isa = PBXBuildFile; fileRef = D08626DC294E23120097EDCD /* PersistenceController.swift */; };
		D08626DF294E23A20097EDCD /* TodoDataRespository.swift in Sources */ = {isa = PBXBuildFile; fileRef = D08626DE294E23A20097EDCD /* TodoDataRespository.swift */; };
		D08626E7294F21390097EDCD /* TodoDataRepositoryProtocol.swift in Sources */ = {isa = PBXBuildFile; fileRef = D08626E6294F21390097EDCD /* TodoDataRepositoryProtocol.swift */; };
		D0862702294F4E0C0097EDCD /* TodoDataModelProtocol.swift in Sources */ = {isa = PBXBuildFile; fileRef = D0862701294F4E0C0097EDCD /* TodoDataModelProtocol.swift */; };
		D086272F29507C3C0097EDCD /* AddPage.swift in Sources */ = {isa = PBXBuildFile; fileRef = D086272E29507C3C0097EDCD /* AddPage.swift */; };
		D086273229507E4C0097EDCD /* Header.swift in Sources */ = {isa = PBXBuildFile; fileRef = D086273129507E4C0097EDCD /* Header.swift */; };
		D086273429507E9B0097EDCD /* LabelTextField.swift in Sources */ = {isa = PBXBuildFile; fileRef = D086273329507E9B0097EDCD /* LabelTextField.swift */; };
		D086273629508B930097EDCD /* LoadingView.swift in Sources */ = {isa = PBXBuildFile; fileRef = D086273529508B930097EDCD /* LoadingView.swift */; };
/* End PBXBuildFile section */

/* Begin PBXContainerItemProxy section */
		D08530D3294BF18600777EED /* PBXContainerItemProxy */ = {
			isa = PBXContainerItemProxy;
			containerPortal = D08530BA294BF18500777EED /* Project object */;
			proxyType = 1;
			remoteGlobalIDString = D08530C1294BF18500777EED;
			remoteInfo = RunningRecords;
		};
		D08530DD294BF18600777EED /* PBXContainerItemProxy */ = {
			isa = PBXContainerItemProxy;
			containerPortal = D08530BA294BF18500777EED /* Project object */;
			proxyType = 1;
			remoteGlobalIDString = D08530C1294BF18500777EED;
			remoteInfo = RunningRecords;
		};
/* End PBXContainerItemProxy section */

/* Begin PBXFileReference section */
		D08530C2294BF18500777EED /* RunningRecords.app */ = {isa = PBXFileReference; explicitFileType = wrapper.application; includeInIndex = 0; path = RunningRecords.app; sourceTree = BUILT_PRODUCTS_DIR; };
		D08530C5294BF18500777EED /* RunningRecordsApp.swift */ = {isa = PBXFileReference; lastKnownFileType = sourcecode.swift; path = RunningRecordsApp.swift; sourceTree = "<group>"; };
		D08530C7294BF18500777EED /* ContentView.swift */ = {isa = PBXFileReference; lastKnownFileType = sourcecode.swift; path = ContentView.swift; sourceTree = "<group>"; };
		D08530C9294BF18600777EED /* Assets.xcassets */ = {isa = PBXFileReference; lastKnownFileType = folder.assetcatalog; path = Assets.xcassets; sourceTree = "<group>"; };
		D08530CC294BF18600777EED /* Preview Assets.xcassets */ = {isa = PBXFileReference; lastKnownFileType = folder.assetcatalog; path = "Preview Assets.xcassets"; sourceTree = "<group>"; };
		D08530D2294BF18600777EED /* RunningRecordsTests.xctest */ = {isa = PBXFileReference; explicitFileType = wrapper.cfbundle; includeInIndex = 0; path = RunningRecordsTests.xctest; sourceTree = BUILT_PRODUCTS_DIR; };
		D08530D6294BF18600777EED /* RunningRecordsTests.swift */ = {isa = PBXFileReference; lastKnownFileType = sourcecode.swift; path = RunningRecordsTests.swift; sourceTree = "<group>"; };
		D08530DC294BF18600777EED /* RunningRecordsUITests.xctest */ = {isa = PBXFileReference; explicitFileType = wrapper.cfbundle; includeInIndex = 0; path = RunningRecordsUITests.xctest; sourceTree = BUILT_PRODUCTS_DIR; };
		D08530E0294BF18600777EED /* RunningRecordsUITests.swift */ = {isa = PBXFileReference; lastKnownFileType = sourcecode.swift; path = RunningRecordsUITests.swift; sourceTree = "<group>"; };
		D08530E2294BF18600777EED /* RunningRecordsUITestsLaunchTests.swift */ = {isa = PBXFileReference; lastKnownFileType = sourcecode.swift; path = RunningRecordsUITestsLaunchTests.swift; sourceTree = "<group>"; };
		D08626C2294DB2840097EDCD /* IconView.swift */ = {isa = PBXFileReference; lastKnownFileType = sourcecode.swift; path = IconView.swift; sourceTree = "<group>"; };
		D08626C4294DC09B0097EDCD /* MainPageView.swift */ = {isa = PBXFileReference; lastKnownFileType = sourcecode.swift; path = MainPageView.swift; sourceTree = "<group>"; };
		D08626C7294DC3310097EDCD /* TextFieldExtension.swift */ = {isa = PBXFileReference; lastKnownFileType = sourcecode.swift; path = TextFieldExtension.swift; sourceTree = "<group>"; };
		D08626CB294DC8620097EDCD /* TextExtension.swift */ = {isa = PBXFileReference; lastKnownFileType = sourcecode.swift; path = TextExtension.swift; sourceTree = "<group>"; };
		D08626CD294DCFB40097EDCD /* MainPageViewModel.swift */ = {isa = PBXFileReference; lastKnownFileType = sourcecode.swift; path = MainPageViewModel.swift; sourceTree = "<group>"; };
		D08626D3294E17430097EDCD /* TodoModel.swift */ = {isa = PBXFileReference; lastKnownFileType = sourcecode.swift; path = TodoModel.swift; sourceTree = "<group>"; };
		D08626D6294E1ADD0097EDCD /* Model.xcdatamodel */ = {isa = PBXFileReference; lastKnownFileType = wrapper.xcdatamodel; path = Model.xcdatamodel; sourceTree = "<group>"; };
		D08626DC294E23120097EDCD /* PersistenceController.swift */ = {isa = PBXFileReference; lastKnownFileType = sourcecode.swift; path = PersistenceController.swift; sourceTree = "<group>"; };
		D08626DE294E23A20097EDCD /* TodoDataRespository.swift */ = {isa = PBXFileReference; lastKnownFileType = sourcecode.swift; path = TodoDataRespository.swift; sourceTree = "<group>"; };
		D08626E6294F21390097EDCD /* TodoDataRepositoryProtocol.swift */ = {isa = PBXFileReference; lastKnownFileType = sourcecode.swift; path = TodoDataRepositoryProtocol.swift; sourceTree = "<group>"; };
		D0862701294F4E0C0097EDCD /* TodoDataModelProtocol.swift */ = {isa = PBXFileReference; lastKnownFileType = sourcecode.swift; path = TodoDataModelProtocol.swift; sourceTree = "<group>"; };
		D086272E29507C3C0097EDCD /* AddPage.swift */ = {isa = PBXFileReference; lastKnownFileType = sourcecode.swift; path = AddPage.swift; sourceTree = "<group>"; };
		D086273129507E4C0097EDCD /* Header.swift */ = {isa = PBXFileReference; lastKnownFileType = sourcecode.swift; path = Header.swift; sourceTree = "<group>"; };
		D086273329507E9B0097EDCD /* LabelTextField.swift */ = {isa = PBXFileReference; lastKnownFileType = sourcecode.swift; path = LabelTextField.swift; sourceTree = "<group>"; };
		D086273529508B930097EDCD /* LoadingView.swift */ = {isa = PBXFileReference; lastKnownFileType = sourcecode.swift; path = LoadingView.swift; sourceTree = "<group>"; };
/* End PBXFileReference section */

/* Begin PBXFrameworksBuildPhase section */
		D08530BF294BF18500777EED /* Frameworks */ = {
			isa = PBXFrameworksBuildPhase;
			buildActionMask = 2147483647;
			files = (
			);
			runOnlyForDeploymentPostprocessing = 0;
		};
		D08530CF294BF18600777EED /* Frameworks */ = {
			isa = PBXFrameworksBuildPhase;
			buildActionMask = 2147483647;
			files = (
			);
			runOnlyForDeploymentPostprocessing = 0;
		};
		D08530D9294BF18600777EED /* Frameworks */ = {
			isa = PBXFrameworksBuildPhase;
			buildActionMask = 2147483647;
			files = (
			);
			runOnlyForDeploymentPostprocessing = 0;
		};
/* End PBXFrameworksBuildPhase section */

/* Begin PBXGroup section */
		D08530B9294BF18500777EED = {
			isa = PBXGroup;
			children = (
				D08530C4294BF18500777EED /* RunningRecords */,
				D08530D5294BF18600777EED /* RunningRecordsTests */,
				D08530DF294BF18600777EED /* RunningRecordsUITests */,
				D08530C3294BF18500777EED /* Products */,
			);
			sourceTree = "<group>";
		};
		D08530C3294BF18500777EED /* Products */ = {
			isa = PBXGroup;
			children = (
				D08530C2294BF18500777EED /* RunningRecords.app */,
				D08530D2294BF18600777EED /* RunningRecordsTests.xctest */,
				D08530DC294BF18600777EED /* RunningRecordsUITests.xctest */,
			);
			name = Products;
			sourceTree = "<group>";
		};
		D08530C4294BF18500777EED /* RunningRecords */ = {
			isa = PBXGroup;
			children = (
				D08626DB294E23020097EDCD /* CoreData */,
				D08626D8294E1CE70097EDCD /* Repository */,
				D08627AB295095E70097EDCD /* Service */,
				D0853102294CC5AB00777EED /* ViewModel */,
				D0853101294CC5A700777EED /* View */,
				D0853103294CC5AE00777EED /* Model */,
				D08530C5294BF18500777EED /* RunningRecordsApp.swift */,
				D08530C7294BF18500777EED /* ContentView.swift */,
				D08530C9294BF18600777EED /* Assets.xcassets */,
				D08530CB294BF18600777EED /* Preview Content */,
				D08626D5294E1ADD0097EDCD /* Model.xcdatamodeld */,
			);
			path = RunningRecords;
			sourceTree = "<group>";
		};
		D08530CB294BF18600777EED /* Preview Content */ = {
			isa = PBXGroup;
			children = (
				D08530CC294BF18600777EED /* Preview Assets.xcassets */,
			);
			path = "Preview Content";
			sourceTree = "<group>";
		};
		D08530D5294BF18600777EED /* RunningRecordsTests */ = {
			isa = PBXGroup;
			children = (
				D08530D6294BF18600777EED /* RunningRecordsTests.swift */,
			);
			path = RunningRecordsTests;
			sourceTree = "<group>";
		};
		D08530DF294BF18600777EED /* RunningRecordsUITests */ = {
			isa = PBXGroup;
			children = (
				D08530E0294BF18600777EED /* RunningRecordsUITests.swift */,
				D08530E2294BF18600777EED /* RunningRecordsUITestsLaunchTests.swift */,
			);
			path = RunningRecordsUITests;
			sourceTree = "<group>";
		};
		D0853101294CC5A700777EED /* View */ = {
			isa = PBXGroup;
			children = (
				D086273029507E390097EDCD /* Molecules */,
				D08626C6294DC2E70097EDCD /* Page */,
				D08626AC294CC7010097EDCD /* Atoms */,
			);
			path = View;
			sourceTree = "<group>";
		};
		D0853102294CC5AB00777EED /* ViewModel */ = {
			isa = PBXGroup;
			children = (
				D08626CD294DCFB40097EDCD /* MainPageViewModel.swift */,
			);
			path = ViewModel;
			sourceTree = "<group>";
		};
		D0853103294CC5AE00777EED /* Model */ = {
			isa = PBXGroup;
			children = (
				D08626FE294F40930097EDCD /* Protocols */,
				D08626D3294E17430097EDCD /* TodoModel.swift */,
			);
			path = Model;
			sourceTree = "<group>";
		};
		D08626AC294CC7010097EDCD /* Atoms */ = {
			isa = PBXGroup;
			children = (
				D08626CA294DC8520097EDCD /* Extensions */,
				D08626C2294DB2840097EDCD /* IconView.swift */,
			);
			path = Atoms;
			sourceTree = "<group>";
		};
		D08626C6294DC2E70097EDCD /* Page */ = {
			isa = PBXGroup;
			children = (
				D08626C4294DC09B0097EDCD /* MainPageView.swift */,
				D086272E29507C3C0097EDCD /* AddPage.swift */,
				D086273529508B930097EDCD /* LoadingView.swift */,
			);
			path = Page;
			sourceTree = "<group>";
		};
		D08626CA294DC8520097EDCD /* Extensions */ = {
			isa = PBXGroup;
			children = (
				D08626C7294DC3310097EDCD /* TextFieldExtension.swift */,
				D08626CB294DC8620097EDCD /* TextExtension.swift */,
			);
			path = Extensions;
			sourceTree = "<group>";
		};
		D08626D8294E1CE70097EDCD /* Repository */ = {
			isa = PBXGroup;
			children = (
				D08626E5294F212A0097EDCD /* Protocols */,
				D08626DE294E23A20097EDCD /* TodoDataRespository.swift */,
			);
			path = Repository;
			sourceTree = "<group>";
		};
		D08626DB294E23020097EDCD /* CoreData */ = {
			isa = PBXGroup;
			children = (
				D08626DC294E23120097EDCD /* PersistenceController.swift */,
			);
			path = CoreData;
			sourceTree = "<group>";
		};
		D08626E5294F212A0097EDCD /* Protocols */ = {
			isa = PBXGroup;
			children = (
				D08626E6294F21390097EDCD /* TodoDataRepositoryProtocol.swift */,
			);
			path = Protocols;
			sourceTree = "<group>";
		};
		D08626FE294F40930097EDCD /* Protocols */ = {
			isa = PBXGroup;
			children = (
				D0862701294F4E0C0097EDCD /* TodoDataModelProtocol.swift */,
			);
			path = Protocols;
			sourceTree = "<group>";
		};
		D086273029507E390097EDCD /* Molecules */ = {
			isa = PBXGroup;
			children = (
				D086273129507E4C0097EDCD /* Header.swift */,
				D086273329507E9B0097EDCD /* LabelTextField.swift */,
			);
			path = Molecules;
			sourceTree = "<group>";
		};
		D08627AB295095E70097EDCD /* Service */ = {
			isa = PBXGroup;
			children = (
			);
			path = Service;
			sourceTree = "<group>";
		};
/* End PBXGroup section */

/* Begin PBXNativeTarget section */
		D08530C1294BF18500777EED /* RunningRecords */ = {
			isa = PBXNativeTarget;
			buildConfigurationList = D08530E6294BF18600777EED /* Build configuration list for PBXNativeTarget "RunningRecords" */;
			buildPhases = (
				D08530BE294BF18500777EED /* Sources */,
				D08530BF294BF18500777EED /* Frameworks */,
				D08530C0294BF18500777EED /* Resources */,
			);
			buildRules = (
			);
			dependencies = (
			);
			name = RunningRecords;
			productName = RunningRecords;
			productReference = D08530C2294BF18500777EED /* RunningRecords.app */;
			productType = "com.apple.product-type.application";
		};
		D08530D1294BF18600777EED /* RunningRecordsTests */ = {
			isa = PBXNativeTarget;
			buildConfigurationList = D08530E9294BF18600777EED /* Build configuration list for PBXNativeTarget "RunningRecordsTests" */;
			buildPhases = (
				D08530CE294BF18600777EED /* Sources */,
				D08530CF294BF18600777EED /* Frameworks */,
				D08530D0294BF18600777EED /* Resources */,
			);
			buildRules = (
			);
			dependencies = (
				D08530D4294BF18600777EED /* PBXTargetDependency */,
			);
			name = RunningRecordsTests;
			productName = RunningRecordsTests;
			productReference = D08530D2294BF18600777EED /* RunningRecordsTests.xctest */;
			productType = "com.apple.product-type.bundle.unit-test";
		};
		D08530DB294BF18600777EED /* RunningRecordsUITests */ = {
			isa = PBXNativeTarget;
			buildConfigurationList = D08530EC294BF18600777EED /* Build configuration list for PBXNativeTarget "RunningRecordsUITests" */;
			buildPhases = (
				D08530D8294BF18600777EED /* Sources */,
				D08530D9294BF18600777EED /* Frameworks */,
				D08530DA294BF18600777EED /* Resources */,
			);
			buildRules = (
			);
			dependencies = (
				D08530DE294BF18600777EED /* PBXTargetDependency */,
			);
			name = RunningRecordsUITests;
			productName = RunningRecordsUITests;
			productReference = D08530DC294BF18600777EED /* RunningRecordsUITests.xctest */;
			productType = "com.apple.product-type.bundle.ui-testing";
		};
/* End PBXNativeTarget section */

/* Begin PBXProject section */
		D08530BA294BF18500777EED /* Project object */ = {
			isa = PBXProject;
			attributes = {
				BuildIndependentTargetsInParallel = 1;
				LastSwiftUpdateCheck = 1410;
				LastUpgradeCheck = 1410;
				TargetAttributes = {
					D08530C1294BF18500777EED = {
						CreatedOnToolsVersion = 14.1;
					};
					D08530D1294BF18600777EED = {
						CreatedOnToolsVersion = 14.1;
						TestTargetID = D08530C1294BF18500777EED;
					};
					D08530DB294BF18600777EED = {
						CreatedOnToolsVersion = 14.1;
						TestTargetID = D08530C1294BF18500777EED;
					};
				};
			};
			buildConfigurationList = D08530BD294BF18500777EED /* Build configuration list for PBXProject "RunningRecords" */;
			compatibilityVersion = "Xcode 14.0";
			developmentRegion = en;
			hasScannedForEncodings = 0;
			knownRegions = (
				en,
				Base,
			);
			mainGroup = D08530B9294BF18500777EED;
			productRefGroup = D08530C3294BF18500777EED /* Products */;
			projectDirPath = "";
			projectRoot = "";
			targets = (
				D08530C1294BF18500777EED /* RunningRecords */,
				D08530D1294BF18600777EED /* RunningRecordsTests */,
				D08530DB294BF18600777EED /* RunningRecordsUITests */,
			);
		};
/* End PBXProject section */

/* Begin PBXResourcesBuildPhase section */
		D08530C0294BF18500777EED /* Resources */ = {
			isa = PBXResourcesBuildPhase;
			buildActionMask = 2147483647;
			files = (
				D08530CD294BF18600777EED /* Preview Assets.xcassets in Resources */,
				D08530CA294BF18600777EED /* Assets.xcassets in Resources */,
			);
			runOnlyForDeploymentPostprocessing = 0;
		};
		D08530D0294BF18600777EED /* Resources */ = {
			isa = PBXResourcesBuildPhase;
			buildActionMask = 2147483647;
			files = (
			);
			runOnlyForDeploymentPostprocessing = 0;
		};
		D08530DA294BF18600777EED /* Resources */ = {
			isa = PBXResourcesBuildPhase;
			buildActionMask = 2147483647;
			files = (
			);
			runOnlyForDeploymentPostprocessing = 0;
		};
/* End PBXResourcesBuildPhase section */

/* Begin PBXSourcesBuildPhase section */
		D08530BE294BF18500777EED /* Sources */ = {
			isa = PBXSourcesBuildPhase;
			buildActionMask = 2147483647;
			files = (
				D086273429507E9B0097EDCD /* LabelTextField.swift in Sources */,
				D086273229507E4C0097EDCD /* Header.swift in Sources */,
				D08626D4294E17430097EDCD /* TodoModel.swift in Sources */,
				D08626CE294DCFB40097EDCD /* MainPageViewModel.swift in Sources */,
				D086273629508B930097EDCD /* LoadingView.swift in Sources */,
				D08530C8294BF18500777EED /* ContentView.swift in Sources */,
				D08626DD294E23120097EDCD /* PersistenceController.swift in Sources */,
				D08626C3294DB2840097EDCD /* IconView.swift in Sources */,
				D08626CC294DC8620097EDCD /* TextExtension.swift in Sources */,
				D08626E7294F21390097EDCD /* TodoDataRepositoryProtocol.swift in Sources */,
				D08626C8294DC3310097EDCD /* TextFieldExtension.swift in Sources */,
				D0862702294F4E0C0097EDCD /* TodoDataModelProtocol.swift in Sources */,
				D08626DF294E23A20097EDCD /* TodoDataRespository.swift in Sources */,
				D08626D7294E1ADD0097EDCD /* Model.xcdatamodeld in Sources */,
				D08626C5294DC09B0097EDCD /* MainPageView.swift in Sources */,
				D086272F29507C3C0097EDCD /* AddPage.swift in Sources */,
				D08530C6294BF18500777EED /* RunningRecordsApp.swift in Sources */,
			);
			runOnlyForDeploymentPostprocessing = 0;
		};
		D08530CE294BF18600777EED /* Sources */ = {
			isa = PBXSourcesBuildPhase;
			buildActionMask = 2147483647;
			files = (
				D08530D7294BF18600777EED /* RunningRecordsTests.swift in Sources */,
			);
			runOnlyForDeploymentPostprocessing = 0;
		};
		D08530D8294BF18600777EED /* Sources */ = {
			isa = PBXSourcesBuildPhase;
			buildActionMask = 2147483647;
			files = (
				D08530E1294BF18600777EED /* RunningRecordsUITests.swift in Sources */,
				D08530E3294BF18600777EED /* RunningRecordsUITestsLaunchTests.swift in Sources */,
			);
			runOnlyForDeploymentPostprocessing = 0;
		};
/* End PBXSourcesBuildPhase section */

/* Begin PBXTargetDependency section */
		D08530D4294BF18600777EED /* PBXTargetDependency */ = {
			isa = PBXTargetDependency;
			target = D08530C1294BF18500777EED /* RunningRecords */;
			targetProxy = D08530D3294BF18600777EED /* PBXContainerItemProxy */;
		};
		D08530DE294BF18600777EED /* PBXTargetDependency */ = {
			isa = PBXTargetDependency;
			target = D08530C1294BF18500777EED /* RunningRecords */;
			targetProxy = D08530DD294BF18600777EED /* PBXContainerItemProxy */;
		};
/* End PBXTargetDependency section */

/* Begin XCBuildConfiguration section */
		D08530E4294BF18600777EED /* Debug */ = {
			isa = XCBuildConfiguration;
			buildSettings = {
				ALWAYS_SEARCH_USER_PATHS = NO;
				CLANG_ANALYZER_NONNULL = YES;
				CLANG_ANALYZER_NUMBER_OBJECT_CONVERSION = YES_AGGRESSIVE;
				CLANG_CXX_LANGUAGE_STANDARD = "gnu++20";
				CLANG_ENABLE_MODULES = YES;
				CLANG_ENABLE_OBJC_ARC = YES;
				CLANG_ENABLE_OBJC_WEAK = YES;
				CLANG_WARN_BLOCK_CAPTURE_AUTORELEASING = YES;
				CLANG_WARN_BOOL_CONVERSION = YES;
				CLANG_WARN_COMMA = YES;
				CLANG_WARN_CONSTANT_CONVERSION = YES;
				CLANG_WARN_DEPRECATED_OBJC_IMPLEMENTATIONS = YES;
				CLANG_WARN_DIRECT_OBJC_ISA_USAGE = YES_ERROR;
				CLANG_WARN_DOCUMENTATION_COMMENTS = YES;
				CLANG_WARN_EMPTY_BODY = YES;
				CLANG_WARN_ENUM_CONVERSION = YES;
				CLANG_WARN_INFINITE_RECURSION = YES;
				CLANG_WARN_INT_CONVERSION = YES;
				CLANG_WARN_NON_LITERAL_NULL_CONVERSION = YES;
				CLANG_WARN_OBJC_IMPLICIT_RETAIN_SELF = YES;
				CLANG_WARN_OBJC_LITERAL_CONVERSION = YES;
				CLANG_WARN_OBJC_ROOT_CLASS = YES_ERROR;
				CLANG_WARN_QUOTED_INCLUDE_IN_FRAMEWORK_HEADER = YES;
				CLANG_WARN_RANGE_LOOP_ANALYSIS = YES;
				CLANG_WARN_STRICT_PROTOTYPES = YES;
				CLANG_WARN_SUSPICIOUS_MOVE = YES;
				CLANG_WARN_UNGUARDED_AVAILABILITY = YES_AGGRESSIVE;
				CLANG_WARN_UNREACHABLE_CODE = YES;
				CLANG_WARN__DUPLICATE_METHOD_MATCH = YES;
				COPY_PHASE_STRIP = NO;
				DEBUG_INFORMATION_FORMAT = dwarf;
				ENABLE_STRICT_OBJC_MSGSEND = YES;
				ENABLE_TESTABILITY = YES;
				GCC_C_LANGUAGE_STANDARD = gnu11;
				GCC_DYNAMIC_NO_PIC = NO;
				GCC_NO_COMMON_BLOCKS = YES;
				GCC_OPTIMIZATION_LEVEL = 0;
				GCC_PREPROCESSOR_DEFINITIONS = (
					"DEBUG=1",
					"$(inherited)",
				);
				GCC_WARN_64_TO_32_BIT_CONVERSION = YES;
				GCC_WARN_ABOUT_RETURN_TYPE = YES_ERROR;
				GCC_WARN_UNDECLARED_SELECTOR = YES;
				GCC_WARN_UNINITIALIZED_AUTOS = YES_AGGRESSIVE;
				GCC_WARN_UNUSED_FUNCTION = YES;
				GCC_WARN_UNUSED_VARIABLE = YES;
				IPHONEOS_DEPLOYMENT_TARGET = 16.1;
				MTL_ENABLE_DEBUG_INFO = INCLUDE_SOURCE;
				MTL_FAST_MATH = YES;
				ONLY_ACTIVE_ARCH = YES;
				SDKROOT = iphoneos;
				SWIFT_ACTIVE_COMPILATION_CONDITIONS = DEBUG;
				SWIFT_OPTIMIZATION_LEVEL = "-Onone";
			};
			name = Debug;
		};
		D08530E5294BF18600777EED /* Release */ = {
			isa = XCBuildConfiguration;
			buildSettings = {
				ALWAYS_SEARCH_USER_PATHS = NO;
				CLANG_ANALYZER_NONNULL = YES;
				CLANG_ANALYZER_NUMBER_OBJECT_CONVERSION = YES_AGGRESSIVE;
				CLANG_CXX_LANGUAGE_STANDARD = "gnu++20";
				CLANG_ENABLE_MODULES = YES;
				CLANG_ENABLE_OBJC_ARC = YES;
				CLANG_ENABLE_OBJC_WEAK = YES;
				CLANG_WARN_BLOCK_CAPTURE_AUTORELEASING = YES;
				CLANG_WARN_BOOL_CONVERSION = YES;
				CLANG_WARN_COMMA = YES;
				CLANG_WARN_CONSTANT_CONVERSION = YES;
				CLANG_WARN_DEPRECATED_OBJC_IMPLEMENTATIONS = YES;
				CLANG_WARN_DIRECT_OBJC_ISA_USAGE = YES_ERROR;
				CLANG_WARN_DOCUMENTATION_COMMENTS = YES;
				CLANG_WARN_EMPTY_BODY = YES;
				CLANG_WARN_ENUM_CONVERSION = YES;
				CLANG_WARN_INFINITE_RECURSION = YES;
				CLANG_WARN_INT_CONVERSION = YES;
				CLANG_WARN_NON_LITERAL_NULL_CONVERSION = YES;
				CLANG_WARN_OBJC_IMPLICIT_RETAIN_SELF = YES;
				CLANG_WARN_OBJC_LITERAL_CONVERSION = YES;
				CLANG_WARN_OBJC_ROOT_CLASS = YES_ERROR;
				CLANG_WARN_QUOTED_INCLUDE_IN_FRAMEWORK_HEADER = YES;
				CLANG_WARN_RANGE_LOOP_ANALYSIS = YES;
				CLANG_WARN_STRICT_PROTOTYPES = YES;
				CLANG_WARN_SUSPICIOUS_MOVE = YES;
				CLANG_WARN_UNGUARDED_AVAILABILITY = YES_AGGRESSIVE;
				CLANG_WARN_UNREACHABLE_CODE = YES;
				CLANG_WARN__DUPLICATE_METHOD_MATCH = YES;
				COPY_PHASE_STRIP = NO;
				DEBUG_INFORMATION_FORMAT = "dwarf-with-dsym";
				ENABLE_NS_ASSERTIONS = NO;
				ENABLE_STRICT_OBJC_MSGSEND = YES;
				GCC_C_LANGUAGE_STANDARD = gnu11;
				GCC_NO_COMMON_BLOCKS = YES;
				GCC_WARN_64_TO_32_BIT_CONVERSION = YES;
				GCC_WARN_ABOUT_RETURN_TYPE = YES_ERROR;
				GCC_WARN_UNDECLARED_SELECTOR = YES;
				GCC_WARN_UNINITIALIZED_AUTOS = YES_AGGRESSIVE;
				GCC_WARN_UNUSED_FUNCTION = YES;
				GCC_WARN_UNUSED_VARIABLE = YES;
				IPHONEOS_DEPLOYMENT_TARGET = 16.1;
				MTL_ENABLE_DEBUG_INFO = NO;
				MTL_FAST_MATH = YES;
				SDKROOT = iphoneos;
				SWIFT_COMPILATION_MODE = wholemodule;
				SWIFT_OPTIMIZATION_LEVEL = "-O";
				VALIDATE_PRODUCT = YES;
			};
			name = Release;
		};
		D08530E7294BF18600777EED /* Debug */ = {
			isa = XCBuildConfiguration;
			buildSettings = {
				ASSETCATALOG_COMPILER_APPICON_NAME = AppIcon;
				ASSETCATALOG_COMPILER_GLOBAL_ACCENT_COLOR_NAME = AccentColor;
				CODE_SIGN_STYLE = Automatic;
				CURRENT_PROJECT_VERSION = 1;
				DEVELOPMENT_ASSET_PATHS = "\"RunningRecords/Preview Content\"";
				DEVELOPMENT_TEAM = LTM3A2DW9P;
				ENABLE_PREVIEWS = YES;
				GENERATE_INFOPLIST_FILE = YES;
				INFOPLIST_KEY_UIApplicationSceneManifest_Generation = YES;
				INFOPLIST_KEY_UIApplicationSupportsIndirectInputEvents = YES;
				INFOPLIST_KEY_UILaunchScreen_Generation = YES;
				INFOPLIST_KEY_UISupportedInterfaceOrientations_iPad = "UIInterfaceOrientationPortrait UIInterfaceOrientationPortraitUpsideDown UIInterfaceOrientationLandscapeLeft UIInterfaceOrientationLandscapeRight";
				INFOPLIST_KEY_UISupportedInterfaceOrientations_iPhone = "UIInterfaceOrientationPortrait UIInterfaceOrientationLandscapeLeft UIInterfaceOrientationLandscapeRight";
				LD_RUNPATH_SEARCH_PATHS = (
					"$(inherited)",
					"@executable_path/Frameworks",
				);
				MARKETING_VERSION = 1.0;
				PRODUCT_BUNDLE_IDENTIFIER = Challenge.RunningRecords;
				PRODUCT_NAME = "$(TARGET_NAME)";
				SWIFT_EMIT_LOC_STRINGS = YES;
				SWIFT_VERSION = 5.0;
				TARGETED_DEVICE_FAMILY = "1,2";
			};
			name = Debug;
		};
		D08530E8294BF18600777EED /* Release */ = {
			isa = XCBuildConfiguration;
			buildSettings = {
				ASSETCATALOG_COMPILER_APPICON_NAME = AppIcon;
				ASSETCATALOG_COMPILER_GLOBAL_ACCENT_COLOR_NAME = AccentColor;
				CODE_SIGN_STYLE = Automatic;
				CURRENT_PROJECT_VERSION = 1;
				DEVELOPMENT_ASSET_PATHS = "\"RunningRecords/Preview Content\"";
				DEVELOPMENT_TEAM = LTM3A2DW9P;
				ENABLE_PREVIEWS = YES;
				GENERATE_INFOPLIST_FILE = YES;
				INFOPLIST_KEY_UIApplicationSceneManifest_Generation = YES;
				INFOPLIST_KEY_UIApplicationSupportsIndirectInputEvents = YES;
				INFOPLIST_KEY_UILaunchScreen_Generation = YES;
				INFOPLIST_KEY_UISupportedInterfaceOrientations_iPad = "UIInterfaceOrientationPortrait UIInterfaceOrientationPortraitUpsideDown UIInterfaceOrientationLandscapeLeft UIInterfaceOrientationLandscapeRight";
				INFOPLIST_KEY_UISupportedInterfaceOrientations_iPhone = "UIInterfaceOrientationPortrait UIInterfaceOrientationLandscapeLeft UIInterfaceOrientationLandscapeRight";
				LD_RUNPATH_SEARCH_PATHS = (
					"$(inherited)",
					"@executable_path/Frameworks",
				);
				MARKETING_VERSION = 1.0;
				PRODUCT_BUNDLE_IDENTIFIER = Challenge.RunningRecords;
				PRODUCT_NAME = "$(TARGET_NAME)";
				SWIFT_EMIT_LOC_STRINGS = YES;
				SWIFT_VERSION = 5.0;
				TARGETED_DEVICE_FAMILY = "1,2";
			};
			name = Release;
		};
		D08530EA294BF18600777EED /* Debug */ = {
			isa = XCBuildConfiguration;
			buildSettings = {
				ALWAYS_EMBED_SWIFT_STANDARD_LIBRARIES = YES;
				BUNDLE_LOADER = "$(TEST_HOST)";
				CODE_SIGN_STYLE = Automatic;
				CURRENT_PROJECT_VERSION = 1;
				DEVELOPMENT_TEAM = LTM3A2DW9P;
				GENERATE_INFOPLIST_FILE = YES;
				IPHONEOS_DEPLOYMENT_TARGET = 16.1;
				MARKETING_VERSION = 1.0;
				PRODUCT_BUNDLE_IDENTIFIER = Challenge.RunningRecordsTests;
				PRODUCT_NAME = "$(TARGET_NAME)";
				SWIFT_EMIT_LOC_STRINGS = NO;
				SWIFT_VERSION = 5.0;
				TARGETED_DEVICE_FAMILY = "1,2";
				TEST_HOST = "$(BUILT_PRODUCTS_DIR)/RunningRecords.app/$(BUNDLE_EXECUTABLE_FOLDER_PATH)/RunningRecords";
			};
			name = Debug;
		};
		D08530EB294BF18600777EED /* Release */ = {
			isa = XCBuildConfiguration;
			buildSettings = {
				ALWAYS_EMBED_SWIFT_STANDARD_LIBRARIES = YES;
				BUNDLE_LOADER = "$(TEST_HOST)";
				CODE_SIGN_STYLE = Automatic;
				CURRENT_PROJECT_VERSION = 1;
				DEVELOPMENT_TEAM = LTM3A2DW9P;
				GENERATE_INFOPLIST_FILE = YES;
				IPHONEOS_DEPLOYMENT_TARGET = 16.1;
				MARKETING_VERSION = 1.0;
				PRODUCT_BUNDLE_IDENTIFIER = Challenge.RunningRecordsTests;
				PRODUCT_NAME = "$(TARGET_NAME)";
				SWIFT_EMIT_LOC_STRINGS = NO;
				SWIFT_VERSION = 5.0;
				TARGETED_DEVICE_FAMILY = "1,2";
				TEST_HOST = "$(BUILT_PRODUCTS_DIR)/RunningRecords.app/$(BUNDLE_EXECUTABLE_FOLDER_PATH)/RunningRecords";
			};
			name = Release;
		};
		D08530ED294BF18600777EED /* Debug */ = {
			isa = XCBuildConfiguration;
			buildSettings = {
				ALWAYS_EMBED_SWIFT_STANDARD_LIBRARIES = YES;
				CODE_SIGN_STYLE = Automatic;
				CURRENT_PROJECT_VERSION = 1;
				DEVELOPMENT_TEAM = LTM3A2DW9P;
				GENERATE_INFOPLIST_FILE = YES;
				MARKETING_VERSION = 1.0;
				PRODUCT_BUNDLE_IDENTIFIER = Challenge.RunningRecordsUITests;
				PRODUCT_NAME = "$(TARGET_NAME)";
				SWIFT_EMIT_LOC_STRINGS = NO;
				SWIFT_VERSION = 5.0;
				TARGETED_DEVICE_FAMILY = "1,2";
				TEST_TARGET_NAME = RunningRecords;
			};
			name = Debug;
		};
		D08530EE294BF18600777EED /* Release */ = {
			isa = XCBuildConfiguration;
			buildSettings = {
				ALWAYS_EMBED_SWIFT_STANDARD_LIBRARIES = YES;
				CODE_SIGN_STYLE = Automatic;
				CURRENT_PROJECT_VERSION = 1;
				DEVELOPMENT_TEAM = LTM3A2DW9P;
				GENERATE_INFOPLIST_FILE = YES;
				MARKETING_VERSION = 1.0;
				PRODUCT_BUNDLE_IDENTIFIER = Challenge.RunningRecordsUITests;
				PRODUCT_NAME = "$(TARGET_NAME)";
				SWIFT_EMIT_LOC_STRINGS = NO;
				SWIFT_VERSION = 5.0;
				TARGETED_DEVICE_FAMILY = "1,2";
				TEST_TARGET_NAME = RunningRecords;
			};
			name = Release;
		};
/* End XCBuildConfiguration section */

/* Begin XCConfigurationList section */
		D08530BD294BF18500777EED /* Build configuration list for PBXProject "RunningRecords" */ = {
			isa = XCConfigurationList;
			buildConfigurations = (
				D08530E4294BF18600777EED /* Debug */,
				D08530E5294BF18600777EED /* Release */,
			);
			defaultConfigurationIsVisible = 0;
			defaultConfigurationName = Release;
		};
		D08530E6294BF18600777EED /* Build configuration list for PBXNativeTarget "RunningRecords" */ = {
			isa = XCConfigurationList;
			buildConfigurations = (
				D08530E7294BF18600777EED /* Debug */,
				D08530E8294BF18600777EED /* Release */,
			);
			defaultConfigurationIsVisible = 0;
			defaultConfigurationName = Release;
		};
		D08530E9294BF18600777EED /* Build configuration list for PBXNativeTarget "RunningRecordsTests" */ = {
			isa = XCConfigurationList;
			buildConfigurations = (
				D08530EA294BF18600777EED /* Debug */,
				D08530EB294BF18600777EED /* Release */,
			);
			defaultConfigurationIsVisible = 0;
			defaultConfigurationName = Release;
		};
		D08530EC294BF18600777EED /* Build configuration list for PBXNativeTarget "RunningRecordsUITests" */ = {
			isa = XCConfigurationList;
			buildConfigurations = (
				D08530ED294BF18600777EED /* Debug */,
				D08530EE294BF18600777EED /* Release */,
			);
			defaultConfigurationIsVisible = 0;
			defaultConfigurationName = Release;
		};
/* End XCConfigurationList section */

/* Begin XCVersionGroup section */
		D08626D5294E1ADD0097EDCD /* Model.xcdatamodeld */ = {
			isa = XCVersionGroup;
			children = (
				D08626D6294E1ADD0097EDCD /* Model.xcdatamodel */,
			);
			currentVersion = D08626D6294E1ADD0097EDCD /* Model.xcdatamodel */;
			path = Model.xcdatamodeld;
			sourceTree = "<group>";
			versionGroupType = wrapper.xcdatamodel;
		};
/* End XCVersionGroup section */
	};
	rootObject = D08530BA294BF18500777EED /* Project object */;
}
